
Microsoft Visual Studio Solution File, Format Version 12.00
# Visual Studio Version 16
VisualStudioVersion = 16.0.30114.105
MinimumVisualStudioVersion = 10.0.40219.1
Project("{FAE04EC0-301F-11D3-BF4B-00C04F79EFBC}") = "Exercise_4_11", "Exercise_4_11\Exercise_4_11.csproj", "{0BA13592-0D1C-48B6-9D5C-9A549C8BA27A}"
EndProject
Global
	GlobalSection(SolutionConfigurationPlatforms) = preSolution
		Debug|Any CPU = Debug|Any CPU
		Release|Any CPU = Release|Any CPU
	EndGlobalSection
	GlobalSection(ProjectConfigurationPlatforms) = postSolution
		{0BA13592-0D1C-48B6-9D5C-9A549C8BA27A}.Debug|Any CPU.ActiveCfg = Debug|Any CPU
		{0BA13592-0D1C-48B6-9D5C-9A549C8BA27A}.Debug|Any CPU.Build.0 = Debug|Any CPU
		{0BA13592-0D1C-48B6-9D5C-9A549C8BA27A}.Release|Any CPU.ActiveCfg = Release|Any CPU
		{0BA13592-0D1C-48B6-9D5C-9A549C8BA27A}.Release|Any CPU.Build.0 = Release|Any CPU
	EndGlobalSection
	GlobalSection(SolutionProperties) = preSolution
		HideSolutionNode = FALSE
	EndGlobalSection
	GlobalSection(ExtensibilityGlobals) = postSolution
		SolutionGuid = {33CD40D6-A819-42DE-813A-9B2AC56B00A2}
	EndGlobalSection
EndGlobal
