
Microsoft Visual Studio Solution File, Format Version 12.00
# Visual Studio Version 16
VisualStudioVersion = 16.0.30114.105
MinimumVisualStudioVersion = 10.0.40219.1
Project("{FAE04EC0-301F-11D3-BF4B-00C04F79EFBC}") = "Timer_Clock", "Timer_Clock\Timer_Clock.csproj", "{1432F32F-DFA6-4E30-941E-DDA7862D6054}"
EndProject
Global
	GlobalSection(SolutionConfigurationPlatforms) = preSolution
		Debug|Any CPU = Debug|Any CPU
		Release|Any CPU = Release|Any CPU
	EndGlobalSection
	GlobalSection(ProjectConfigurationPlatforms) = postSolution
		{1432F32F-DFA6-4E30-941E-DDA7862D6054}.Debug|Any CPU.ActiveCfg = Debug|Any CPU
		{1432F32F-DFA6-4E30-941E-DDA7862D6054}.Debug|Any CPU.Build.0 = Debug|Any CPU
		{1432F32F-DFA6-4E30-941E-DDA7862D6054}.Release|Any CPU.ActiveCfg = Release|Any CPU
		{1432F32F-DFA6-4E30-941E-DDA7862D6054}.Release|Any CPU.Build.0 = Release|Any CPU
	EndGlobalSection
	GlobalSection(SolutionProperties) = preSolution
		HideSolutionNode = FALSE
	EndGlobalSection
	GlobalSection(ExtensibilityGlobals) = postSolution
		SolutionGuid = {4887774C-18D4-49E5-92FF-E77A66406FB3}
	EndGlobalSection
EndGlobal
