
Microsoft Visual Studio Solution File, Format Version 12.00
# Visual Studio Version 16
VisualStudioVersion = 16.0.30114.105
MinimumVisualStudioVersion = 10.0.40219.1
Project("{FAE04EC0-301F-11D3-BF4B-00C04F79EFBC}") = "GradeBookPrCo", "GradeBookPrCo\GradeBookPrCo.csproj", "{FD75FFB7-1D5D-4BC2-B22E-7F2CAA64A57E}"
EndProject
Global
	GlobalSection(SolutionConfigurationPlatforms) = preSolution
		Debug|Any CPU = Debug|Any CPU
		Release|Any CPU = Release|Any CPU
	EndGlobalSection
	GlobalSection(ProjectConfigurationPlatforms) = postSolution
		{FD75FFB7-1D5D-4BC2-B22E-7F2CAA64A57E}.Debug|Any CPU.ActiveCfg = Debug|Any CPU
		{FD75FFB7-1D5D-4BC2-B22E-7F2CAA64A57E}.Debug|Any CPU.Build.0 = Debug|Any CPU
		{FD75FFB7-1D5D-4BC2-B22E-7F2CAA64A57E}.Release|Any CPU.ActiveCfg = Release|Any CPU
		{FD75FFB7-1D5D-4BC2-B22E-7F2CAA64A57E}.Release|Any CPU.Build.0 = Release|Any CPU
	EndGlobalSection
	GlobalSection(SolutionProperties) = preSolution
		HideSolutionNode = FALSE
	EndGlobalSection
	GlobalSection(ExtensibilityGlobals) = postSolution
		SolutionGuid = {E325A2CD-FF71-4B03-AA16-6E85A6E7E6BC}
	EndGlobalSection
EndGlobal
