
Microsoft Visual Studio Solution File, Format Version 12.00
# Visual Studio Version 16
VisualStudioVersion = 16.0.30114.105
MinimumVisualStudioVersion = 10.0.40219.1
Project("{FAE04EC0-301F-11D3-BF4B-00C04F79EFBC}") = "Exercise_4_10", "Exercise_4_10\Exercise_4_10.csproj", "{3440A607-D363-4949-86CE-C8D2C44E9BA0}"
EndProject
Global
	GlobalSection(SolutionConfigurationPlatforms) = preSolution
		Debug|Any CPU = Debug|Any CPU
		Release|Any CPU = Release|Any CPU
	EndGlobalSection
	GlobalSection(ProjectConfigurationPlatforms) = postSolution
		{3440A607-D363-4949-86CE-C8D2C44E9BA0}.Debug|Any CPU.ActiveCfg = Debug|Any CPU
		{3440A607-D363-4949-86CE-C8D2C44E9BA0}.Debug|Any CPU.Build.0 = Debug|Any CPU
		{3440A607-D363-4949-86CE-C8D2C44E9BA0}.Release|Any CPU.ActiveCfg = Release|Any CPU
		{3440A607-D363-4949-86CE-C8D2C44E9BA0}.Release|Any CPU.Build.0 = Release|Any CPU
	EndGlobalSection
	GlobalSection(SolutionProperties) = preSolution
		HideSolutionNode = FALSE
	EndGlobalSection
	GlobalSection(ExtensibilityGlobals) = postSolution
		SolutionGuid = {03C9659B-7351-43E1-916C-A7EC58E005B6}
	EndGlobalSection
EndGlobal
