
Microsoft Visual Studio Solution File, Format Version 12.00
# Visual Studio Version 16
VisualStudioVersion = 16.0.30114.105
MinimumVisualStudioVersion = 10.0.40219.1
Project("{FAE04EC0-301F-11D3-BF4B-00C04F79EFBC}") = "Account", "Account\Account.csproj", "{1577C02C-472B-4AE3-897A-3013D7A09B6D}"
EndProject
Global
	GlobalSection(SolutionConfigurationPlatforms) = preSolution
		Debug|Any CPU = Debug|Any CPU
		Release|Any CPU = Release|Any CPU
	EndGlobalSection
	GlobalSection(ProjectConfigurationPlatforms) = postSolution
		{1577C02C-472B-4AE3-897A-3013D7A09B6D}.Debug|Any CPU.ActiveCfg = Debug|Any CPU
		{1577C02C-472B-4AE3-897A-3013D7A09B6D}.Debug|Any CPU.Build.0 = Debug|Any CPU
		{1577C02C-472B-4AE3-897A-3013D7A09B6D}.Release|Any CPU.ActiveCfg = Release|Any CPU
		{1577C02C-472B-4AE3-897A-3013D7A09B6D}.Release|Any CPU.Build.0 = Release|Any CPU
	EndGlobalSection
	GlobalSection(SolutionProperties) = preSolution
		HideSolutionNode = FALSE
	EndGlobalSection
	GlobalSection(ExtensibilityGlobals) = postSolution
		SolutionGuid = {256A6BDE-9D3D-4B31-986D-652F49D2311C}
	EndGlobalSection
EndGlobal
